
Microsoft Visual Studio Solution File, Format Version 12.00
# Visual Studio Version 16
VisualStudioVersion = 16.0.29025.244
MinimumVisualStudioVersion = 10.0.40219.1
Project("{FAE04EC0-301F-11D3-BF4B-00C04F79EFBC}") = "ToDoListChallenge", "ToDoListChallenge\ToDoListChallenge.csproj", "{8A6994A5-C242-45A2-B0F1-664DC0742E79}"
EndProject
Global
	GlobalSection(SolutionConfigurationPlatforms) = preSolution
		Debug|Any CPU = Debug|Any CPU
		Release|Any CPU = Release|Any CPU
	EndGlobalSection
	GlobalSection(ProjectConfigurationPlatforms) = postSolution
		{8A6994A5-C242-45A2-B0F1-664DC0742E79}.Debug|Any CPU.ActiveCfg = Debug|Any CPU
		{8A6994A5-C242-45A2-B0F1-664DC0742E79}.Debug|Any CPU.Build.0 = Debug|Any CPU
		{8A6994A5-C242-45A2-B0F1-664DC0742E79}.Release|Any CPU.ActiveCfg = Release|Any CPU
		{8A6994A5-C242-45A2-B0F1-664DC0742E79}.Release|Any CPU.Build.0 = Release|Any CPU
	EndGlobalSection
	GlobalSection(SolutionProperties) = preSolution
		HideSolutionNode = FALSE
	EndGlobalSection
	GlobalSection(ExtensibilityGlobals) = postSolution
		SolutionGuid = {A003665B-2AF9-4CD2-B1C9-17057A35C104}
	EndGlobalSection
EndGlobal
